
Microsoft Visual Studio Solution File, Format Version 12.00
# Visual Studio Version 16
VisualStudioVersion = 16.0.30204.135
MinimumVisualStudioVersion = 10.0.40219.1
Project("{9A19103F-16F7-4668-BE54-9A1E7A4F7556}") = "RideWithGPS", "RideWithGPS\RideWithGPS.csproj", "{1A0D9A18-900D-4C87-B031-BE670F0F23CA}"
EndProject
Project("{FAE04EC0-301F-11D3-BF4B-00C04F79EFBC}") = "RideWithGPS.TestClient", "RideWithGPS.TestClient\RideWithGPS.TestClient.csproj", "{54928AE4-0044-4283-9CC2-6E4F965A056E}"
EndProject
Global
	GlobalSection(SolutionConfigurationPlatforms) = preSolution
		Debug|Any CPU = Debug|Any CPU
		Release|Any CPU = Release|Any CPU
	EndGlobalSection
	GlobalSection(ProjectConfigurationPlatforms) = postSolution
		{1A0D9A18-900D-4C87-B031-BE670F0F23CA}.Debug|Any CPU.ActiveCfg = Debug|Any CPU
		{1A0D9A18-900D-4C87-B031-BE670F0F23CA}.Debug|Any CPU.Build.0 = Debug|Any CPU
		{1A0D9A18-900D-4C87-B031-BE670F0F23CA}.Release|Any CPU.ActiveCfg = Release|Any CPU
		{1A0D9A18-900D-4C87-B031-BE670F0F23CA}.Release|Any CPU.Build.0 = Release|Any CPU
		{54928AE4-0044-4283-9CC2-6E4F965A056E}.Debug|Any CPU.ActiveCfg = Debug|Any CPU
		{54928AE4-0044-4283-9CC2-6E4F965A056E}.Debug|Any CPU.Build.0 = Debug|Any CPU
		{54928AE4-0044-4283-9CC2-6E4F965A056E}.Release|Any CPU.ActiveCfg = Release|Any CPU
		{54928AE4-0044-4283-9CC2-6E4F965A056E}.Release|Any CPU.Build.0 = Release|Any CPU
	EndGlobalSection
	GlobalSection(SolutionProperties) = preSolution
		HideSolutionNode = FALSE
	EndGlobalSection
	GlobalSection(ExtensibilityGlobals) = postSolution
		SolutionGuid = {64E044AD-5268-4D27-9E2D-4D482ACDB89D}
	EndGlobalSection
EndGlobal
